
Microsoft Visual Studio Solution File, Format Version 12.00
# Visual Studio Version 17
VisualStudioVersion = 17.13.35931.197 d17.13
MinimumVisualStudioVersion = 10.0.40219.1
Project("{FAE04EC0-301F-11D3-BF4B-00C04F79EFBC}") = "PROJECT_PRN232_", "PROJECT_PRN232_.csproj", "{4815DCA6-A10C-D773-8153-D995E92434BF}"
EndProject
Global
	GlobalSection(SolutionConfigurationPlatforms) = preSolution
		Debug|Any CPU = Debug|Any CPU
		Release|Any CPU = Release|Any CPU
	EndGlobalSection
	GlobalSection(ProjectConfigurationPlatforms) = postSolution
		{4815DCA6-A10C-D773-8153-D995E92434BF}.Debug|Any CPU.ActiveCfg = Debug|Any CPU
		{4815DCA6-A10C-D773-8153-D995E92434BF}.Debug|Any CPU.Build.0 = Debug|Any CPU
		{4815DCA6-A10C-D773-8153-D995E92434BF}.Release|Any CPU.ActiveCfg = Release|Any CPU
		{4815DCA6-A10C-D773-8153-D995E92434BF}.Release|Any CPU.Build.0 = Release|Any CPU
	EndGlobalSection
	GlobalSection(SolutionProperties) = preSolution
		HideSolutionNode = FALSE
	EndGlobalSection
	GlobalSection(ExtensibilityGlobals) = postSolution
		SolutionGuid = {4070DAD6-9D81-4A9F-A00E-AE6660631B74}
	EndGlobalSection
EndGlobal
