
Microsoft Visual Studio Solution File, Format Version 12.00
# Visual Studio Version 17
VisualStudioVersion = 17.13.35931.197
MinimumVisualStudioVersion = 10.0.40219.1
Project("{2150E333-8FDC-42A3-9474-1A3956D46DE8}") = "src", "src", "{827E0CD3-B72D-47B6-A68D-7590B98EB39B}"
EndProject
Project("{FAE04EC0-301F-11D3-BF4B-00C04F79EFBC}") = "PROJECT_PRN232_.Domain", "src\PROJECT_PRN232_.Domain\PROJECT_PRN232_.Domain.csproj", "{CC0587C5-CC87-4314-B973-366515AEFB30}"
EndProject
Project("{FAE04EC0-301F-11D3-BF4B-00C04F79EFBC}") = "PROJECT_PRN232_.Application", "src\PROJECT_PRN232_.Application\PROJECT_PRN232_.Application.csproj", "{C02C0473-340D-4205-96CA-FE2D5F104156}"
EndProject
Project("{FAE04EC0-301F-11D3-BF4B-00C04F79EFBC}") = "PROJECT_PRN232_.Infrastructure", "src\PROJECT_PRN232_.Infrastructure\PROJECT_PRN232_.Infrastructure.csproj", "{1FCB82C5-ABEC-4572-9ADF-68A62DB26860}"
EndProject
Project("{FAE04EC0-301F-11D3-BF4B-00C04F79EFBC}") = "PROJECT_PRN232_.Api", "src\PROJECT_PRN232_.Api\PROJECT_PRN232_.Api.csproj", "{9C6E903B-8537-4A99-AD14-1C4D8FE03A09}"
EndProject
Project("{FAE04EC0-301F-11D3-BF4B-00C04F79EFBC}") = "PROJECT_PRN232_.WebApp", "src\PROJECT_PRN232_.WebApp\PROJECT_PRN232_.WebApp.csproj", "{EDF079C2-756D-4480-B585-01D65D0ECA38}"
EndProject
Global
	GlobalSection(SolutionConfigurationPlatforms) = preSolution
		Debug|Any CPU = Debug|Any CPU
		Debug|x64 = Debug|x64
		Debug|x86 = Debug|x86
		Release|Any CPU = Release|Any CPU
		Release|x64 = Release|x64
		Release|x86 = Release|x86
	EndGlobalSection
	GlobalSection(ProjectConfigurationPlatforms) = postSolution
		{CC0587C5-CC87-4314-B973-366515AEFB30}.Debug|Any CPU.ActiveCfg = Debug|Any CPU
		{CC0587C5-CC87-4314-B973-366515AEFB30}.Debug|Any CPU.Build.0 = Debug|Any CPU
		{CC0587C5-CC87-4314-B973-366515AEFB30}.Debug|x64.ActiveCfg = Debug|Any CPU
		{CC0587C5-CC87-4314-B973-366515AEFB30}.Debug|x64.Build.0 = Debug|Any CPU
		{CC0587C5-CC87-4314-B973-366515AEFB30}.Debug|x86.ActiveCfg = Debug|Any CPU
		{CC0587C5-CC87-4314-B973-366515AEFB30}.Debug|x86.Build.0 = Debug|Any CPU
		{CC0587C5-CC87-4314-B973-366515AEFB30}.Release|Any CPU.ActiveCfg = Release|Any CPU
		{CC0587C5-CC87-4314-B973-366515AEFB30}.Release|Any CPU.Build.0 = Release|Any CPU
		{CC0587C5-CC87-4314-B973-366515AEFB30}.Release|x64.ActiveCfg = Release|Any CPU
		{CC0587C5-CC87-4314-B973-366515AEFB30}.Release|x64.Build.0 = Release|Any CPU
		{CC0587C5-CC87-4314-B973-366515AEFB30}.Release|x86.ActiveCfg = Release|Any CPU
		{CC0587C5-CC87-4314-B973-366515AEFB30}.Release|x86.Build.0 = Release|Any CPU
		{C02C0473-340D-4205-96CA-FE2D5F104156}.Debug|Any CPU.ActiveCfg = Debug|Any CPU
		{C02C0473-340D-4205-96CA-FE2D5F104156}.Debug|Any CPU.Build.0 = Debug|Any CPU
		{C02C0473-340D-4205-96CA-FE2D5F104156}.Debug|x64.ActiveCfg = Debug|Any CPU
		{C02C0473-340D-4205-96CA-FE2D5F104156}.Debug|x64.Build.0 = Debug|Any CPU
		{C02C0473-340D-4205-96CA-FE2D5F104156}.Debug|x86.ActiveCfg = Debug|Any CPU
		{C02C0473-340D-4205-96CA-FE2D5F104156}.Debug|x86.Build.0 = Debug|Any CPU
		{C02C0473-340D-4205-96CA-FE2D5F104156}.Release|Any CPU.ActiveCfg = Release|Any CPU
		{C02C0473-340D-4205-96CA-FE2D5F104156}.Release|Any CPU.Build.0 = Release|Any CPU
		{C02C0473-340D-4205-96CA-FE2D5F104156}.Release|x64.ActiveCfg = Release|Any CPU
		{C02C0473-340D-4205-96CA-FE2D5F104156}.Release|x64.Build.0 = Release|Any CPU
		{C02C0473-340D-4205-96CA-FE2D5F104156}.Release|x86.ActiveCfg = Release|Any CPU
		{C02C0473-340D-4205-96CA-FE2D5F104156}.Release|x86.Build.0 = Release|Any CPU
		{1FCB82C5-ABEC-4572-9ADF-68A62DB26860}.Debug|Any CPU.ActiveCfg = Debug|Any CPU
		{1FCB82C5-ABEC-4572-9ADF-68A62DB26860}.Debug|Any CPU.Build.0 = Debug|Any CPU
		{1FCB82C5-ABEC-4572-9ADF-68A62DB26860}.Debug|x64.ActiveCfg = Debug|Any CPU
		{1FCB82C5-ABEC-4572-9ADF-68A62DB26860}.Debug|x64.Build.0 = Debug|Any CPU
		{1FCB82C5-ABEC-4572-9ADF-68A62DB26860}.Debug|x86.ActiveCfg = Debug|Any CPU
		{1FCB82C5-ABEC-4572-9ADF-68A62DB26860}.Debug|x86.Build.0 = Debug|Any CPU
		{1FCB82C5-ABEC-4572-9ADF-68A62DB26860}.Release|Any CPU.ActiveCfg = Release|Any CPU
		{1FCB82C5-ABEC-4572-9ADF-68A62DB26860}.Release|Any CPU.Build.0 = Release|Any CPU
		{1FCB82C5-ABEC-4572-9ADF-68A62DB26860}.Release|x64.ActiveCfg = Release|Any CPU
		{1FCB82C5-ABEC-4572-9ADF-68A62DB26860}.Release|x64.Build.0 = Release|Any CPU
		{1FCB82C5-ABEC-4572-9ADF-68A62DB26860}.Release|x86.ActiveCfg = Release|Any CPU
		{1FCB82C5-ABEC-4572-9ADF-68A62DB26860}.Release|x86.Build.0 = Release|Any CPU
		{9C6E903B-8537-4A99-AD14-1C4D8FE03A09}.Debug|Any CPU.ActiveCfg = Debug|Any CPU
		{9C6E903B-8537-4A99-AD14-1C4D8FE03A09}.Debug|Any CPU.Build.0 = Debug|Any CPU
		{9C6E903B-8537-4A99-AD14-1C4D8FE03A09}.Debug|x64.ActiveCfg = Debug|Any CPU
		{9C6E903B-8537-4A99-AD14-1C4D8FE03A09}.Debug|x64.Build.0 = Debug|Any CPU
		{9C6E903B-8537-4A99-AD14-1C4D8FE03A09}.Debug|x86.ActiveCfg = Debug|Any CPU
		{9C6E903B-8537-4A99-AD14-1C4D8FE03A09}.Debug|x86.Build.0 = Debug|Any CPU
		{9C6E903B-8537-4A99-AD14-1C4D8FE03A09}.Release|Any CPU.ActiveCfg = Release|Any CPU
		{9C6E903B-8537-4A99-AD14-1C4D8FE03A09}.Release|Any CPU.Build.0 = Release|Any CPU
		{9C6E903B-8537-4A99-AD14-1C4D8FE03A09}.Release|x64.ActiveCfg = Release|Any CPU
		{9C6E903B-8537-4A99-AD14-1C4D8FE03A09}.Release|x64.Build.0 = Release|Any CPU
		{9C6E903B-8537-4A99-AD14-1C4D8FE03A09}.Release|x86.ActiveCfg = Release|Any CPU
		{9C6E903B-8537-4A99-AD14-1C4D8FE03A09}.Release|x86.Build.0 = Release|Any CPU
		{EDF079C2-756D-4480-B585-01D65D0ECA38}.Debug|Any CPU.ActiveCfg = Debug|Any CPU
		{EDF079C2-756D-4480-B585-01D65D0ECA38}.Debug|Any CPU.Build.0 = Debug|Any CPU
		{EDF079C2-756D-4480-B585-01D65D0ECA38}.Debug|x64.ActiveCfg = Debug|Any CPU
		{EDF079C2-756D-4480-B585-01D65D0ECA38}.Debug|x64.Build.0 = Debug|Any CPU
		{EDF079C2-756D-4480-B585-01D65D0ECA38}.Debug|x86.ActiveCfg = Debug|Any CPU
		{EDF079C2-756D-4480-B585-01D65D0ECA38}.Debug|x86.Build.0 = Debug|Any CPU
		{EDF079C2-756D-4480-B585-01D65D0ECA38}.Release|Any CPU.ActiveCfg = Release|Any CPU
		{EDF079C2-756D-4480-B585-01D65D0ECA38}.Release|Any CPU.Build.0 = Release|Any CPU
		{EDF079C2-756D-4480-B585-01D65D0ECA38}.Release|x64.ActiveCfg = Release|Any CPU
		{EDF079C2-756D-4480-B585-01D65D0ECA38}.Release|x64.Build.0 = Release|Any CPU
		{EDF079C2-756D-4480-B585-01D65D0ECA38}.Release|x86.ActiveCfg = Release|Any CPU
		{EDF079C2-756D-4480-B585-01D65D0ECA38}.Release|x86.Build.0 = Release|Any CPU
	EndGlobalSection
	GlobalSection(SolutionProperties) = preSolution
		HideSolutionNode = FALSE
	EndGlobalSection
	GlobalSection(NestedProjects) = preSolution
		{CC0587C5-CC87-4314-B973-366515AEFB30} = {827E0CD3-B72D-47B6-A68D-7590B98EB39B}
		{C02C0473-340D-4205-96CA-FE2D5F104156} = {827E0CD3-B72D-47B6-A68D-7590B98EB39B}
		{1FCB82C5-ABEC-4572-9ADF-68A62DB26860} = {827E0CD3-B72D-47B6-A68D-7590B98EB39B}
		{9C6E903B-8537-4A99-AD14-1C4D8FE03A09} = {827E0CD3-B72D-47B6-A68D-7590B98EB39B}
		{EDF079C2-756D-4480-B585-01D65D0ECA38} = {827E0CD3-B72D-47B6-A68D-7590B98EB39B}
	EndGlobalSection
	GlobalSection(ExtensibilityGlobals) = postSolution
		SolutionGuid = {4070DAD6-9D81-4A9F-A00E-AE6660631B74}
	EndGlobalSection
EndGlobal
